
Microsoft Visual Studio Solution File, Format Version 12.00
# Visual Studio Version 16
VisualStudioVersion = 16.0.29728.190
MinimumVisualStudioVersion = 10.0.40219.1
Project("{FAE04EC0-301F-11D3-BF4B-00C04F79EFBC}") = "ProgramingTraningRis", "ProgramingTraningRis.csproj", "{97D57D89-7132-4355-A061-CC9AE6E27C15}"
EndProject
Project("{FAE04EC0-301F-11D3-BF4B-00C04F79EFBC}") = "ProgramingTraningRis.Main", "..\ProgramingTraningRis.Main\ProgramingTraningRis.Main.csproj", "{BA2DA1C4-8DF3-4FAF-B955-83A07D4F9924}"
EndProject
Global
	GlobalSection(SolutionConfigurationPlatforms) = preSolution
		Debug|Any CPU = Debug|Any CPU
		Release|Any CPU = Release|Any CPU
	EndGlobalSection
	GlobalSection(ProjectConfigurationPlatforms) = postSolution
		{97D57D89-7132-4355-A061-CC9AE6E27C15}.Debug|Any CPU.ActiveCfg = Debug|Any CPU
		{97D57D89-7132-4355-A061-CC9AE6E27C15}.Debug|Any CPU.Build.0 = Debug|Any CPU
		{97D57D89-7132-4355-A061-CC9AE6E27C15}.Release|Any CPU.ActiveCfg = Release|Any CPU
		{97D57D89-7132-4355-A061-CC9AE6E27C15}.Release|Any CPU.Build.0 = Release|Any CPU
		{BA2DA1C4-8DF3-4FAF-B955-83A07D4F9924}.Debug|Any CPU.ActiveCfg = Debug|Any CPU
		{BA2DA1C4-8DF3-4FAF-B955-83A07D4F9924}.Debug|Any CPU.Build.0 = Debug|Any CPU
		{BA2DA1C4-8DF3-4FAF-B955-83A07D4F9924}.Release|Any CPU.ActiveCfg = Release|Any CPU
		{BA2DA1C4-8DF3-4FAF-B955-83A07D4F9924}.Release|Any CPU.Build.0 = Release|Any CPU
	EndGlobalSection
	GlobalSection(SolutionProperties) = preSolution
		HideSolutionNode = FALSE
	EndGlobalSection
	GlobalSection(ExtensibilityGlobals) = postSolution
		SolutionGuid = {6FB22D29-EAE4-4235-ACDE-E17CCB73DAFB}
	EndGlobalSection
EndGlobal
